
Microsoft Visual Studio Solution File, Format Version 12.00
# Visual Studio Version 16
VisualStudioVersion = 16.0.32002.261
MinimumVisualStudioVersion = 10.0.40219.1
Project("{FAE04EC0-301F-11D3-BF4B-00C04F79EFBC}") = "aspnet-assessment-toymanagement", "aspnet-assessment-toymanagement\aspnet-assessment-toymanagement.csproj", "{C8088A66-EBDB-4387-9C8D-2445118358D0}"
EndProject
Global
	GlobalSection(SolutionConfigurationPlatforms) = preSolution
		Debug|Any CPU = Debug|Any CPU
		Release|Any CPU = Release|Any CPU
	EndGlobalSection
	GlobalSection(ProjectConfigurationPlatforms) = postSolution
		{C8088A66-EBDB-4387-9C8D-2445118358D0}.Debug|Any CPU.ActiveCfg = Debug|Any CPU
		{C8088A66-EBDB-4387-9C8D-2445118358D0}.Debug|Any CPU.Build.0 = Debug|Any CPU
		{C8088A66-EBDB-4387-9C8D-2445118358D0}.Release|Any CPU.ActiveCfg = Release|Any CPU
		{C8088A66-EBDB-4387-9C8D-2445118358D0}.Release|Any CPU.Build.0 = Release|Any CPU
	EndGlobalSection
	GlobalSection(SolutionProperties) = preSolution
		HideSolutionNode = FALSE
	EndGlobalSection
	GlobalSection(ExtensibilityGlobals) = postSolution
		SolutionGuid = {CC41B438-E327-40D3-BCD7-2F241BED321D}
	EndGlobalSection
EndGlobal
